{
  "version": 4,
  "terraform_version": "1.0.1",
  "serial": 260,
  "lineage": "9bcb80a1-b6e4-cd4f-6fa8-f7997baa0692",
  "outputs": {
    "dns_name": {
      "value": "HealingPeace-115516705.us-east-2.elb.amazonaws.com",
      "type": "string"
    }
  },
  "resources": [
    {
      "module": "module.aws_alb",
      "mode": "managed",
      "type": "aws_alb",
      "name": "main",
      "provider": "provider[\"registry.terraform.io/hashicorp/aws\"]",
      "instances": [
        {
          "schema_version": 0,
          "attributes": {
            "access_logs": [
              {
                "bucket": "",
                "enabled": false,
                "prefix": ""
              }
            ],
            "arn": "arn:aws:elasticloadbalancing:us-east-2:900715294536:loadbalancer/app/HealingPeace/b0037548a9acce3b",
            "arn_suffix": "app/HealingPeace/b0037548a9acce3b",
            "customer_owned_ipv4_pool": "",
            "desync_mitigation_mode": "defensive",
            "dns_name": "HealingPeace-115516705.us-east-2.elb.amazonaws.com",
            "drop_invalid_header_fields": false,
            "enable_cross_zone_load_balancing": null,
            "enable_deletion_protection": false,
            "enable_http2": true,
            "enable_waf_fail_open": false,
            "id": "arn:aws:elasticloadbalancing:us-east-2:900715294536:loadbalancer/app/HealingPeace/b0037548a9acce3b",
            "idle_timeout": 60,
            "internal": false,
            "ip_address_type": "ipv4",
            "load_balancer_type": "application",
            "name": "HealingPeace",
            "name_prefix": null,
            "security_groups": [
              "sg-022be3be876a8a28d"
            ],
            "subnet_mapping": [
              {
                "allocation_id": "",
                "ipv6_address": "",
                "outpost_id": "",
                "private_ipv4_address": "",
                "subnet_id": "subnet-021cc937b2a556274"
              },
              {
                "allocation_id": "",
                "ipv6_address": "",
                "outpost_id": "",
                "private_ipv4_address": "",
                "subnet_id": "subnet-0f21862fe327f9df4"
              }
            ],
            "subnets": [
              "subnet-021cc937b2a556274",
              "subnet-0f21862fe327f9df4"
            ],
            "tags": {},
            "tags_all": {},
            "timeouts": null,
            "vpc_id": "vpc-04c5dab518b6fc643",
            "zone_id": "Z3AADJGX6KTTL2"
          },
          "sensitive_attributes": [],
          "private": "eyJlMmJmYjczMC1lY2FhLTExZTYtOGY4OC0zNDM2M2JjN2M0YzAiOnsiY3JlYXRlIjo2MDAwMDAwMDAwMDAsImRlbGV0ZSI6NjAwMDAwMDAwMDAwLCJ1cGRhdGUiOjYwMDAwMDAwMDAwMH19",
          "dependencies": [
            "module.aws_security_group.aws_security_group.lb",
            "module.aws_vpc.aws_subnet.public",
            "module.aws_vpc.aws_vpc.main",
            "module.aws_vpc.data.aws_availability_zones.available"
          ]
        }
      ]
    },
    {
      "module": "module.aws_alb",
      "mode": "managed",
      "type": "aws_alb_listener",
      "name": "front_end",
      "provider": "provider[\"registry.terraform.io/hashicorp/aws\"]",
      "instances": [
        {
          "schema_version": 0,
          "attributes": {
            "alpn_policy": null,
            "arn": "arn:aws:elasticloadbalancing:us-east-2:900715294536:listener/app/HealingPeace/b0037548a9acce3b/3033247f5b4ac90c",
            "certificate_arn": null,
            "default_action": [
              {
                "authenticate_cognito": [],
                "authenticate_oidc": [],
                "fixed_response": [],
                "forward": [],
                "order": 1,
                "redirect": [
                  {
                    "host": "#{host}",
                    "path": "/#{path}",
                    "port": "443",
                    "protocol": "HTTPS",
                    "query": "#{query}",
                    "status_code": "HTTP_301"
                  }
                ],
                "target_group_arn": "",
                "type": "redirect"
              }
            ],
            "id": "arn:aws:elasticloadbalancing:us-east-2:900715294536:listener/app/HealingPeace/b0037548a9acce3b/3033247f5b4ac90c",
            "load_balancer_arn": "arn:aws:elasticloadbalancing:us-east-2:900715294536:loadbalancer/app/HealingPeace/b0037548a9acce3b",
            "port": 80,
            "protocol": "HTTP",
            "ssl_policy": "",
            "tags": {},
            "tags_all": {},
            "timeouts": null
          },
          "sensitive_attributes": [],
          "private": "eyJlMmJmYjczMC1lY2FhLTExZTYtOGY4OC0zNDM2M2JjN2M0YzAiOnsicmVhZCI6NjAwMDAwMDAwMDAwfX0=",
          "dependencies": [
            "module.aws_security_group.aws_security_group.lb",
            "module.aws_vpc.aws_subnet.public",
            "module.aws_vpc.aws_vpc.main",
            "module.aws_vpc.data.aws_availability_zones.available",
            "module.aws_alb.aws_alb.main"
          ]
        }
      ]
    },
    {
      "module": "module.aws_alb",
      "mode": "managed",
      "type": "aws_alb_listener",
      "name": "front_end_https",
      "provider": "provider[\"registry.terraform.io/hashicorp/aws\"]",
      "instances": [
        {
          "schema_version": 0,
          "attributes": {
            "alpn_policy": null,
            "arn": "arn:aws:elasticloadbalancing:us-east-2:900715294536:listener/app/HealingPeace/b0037548a9acce3b/019ae45ba178df2d",
            "certificate_arn": "arn:aws:acm:us-east-2:900715294536:certificate/76dfde5a-db4e-4340-a350-40eec3207294",
            "default_action": [
              {
                "authenticate_cognito": [],
                "authenticate_oidc": [],
                "fixed_response": [],
                "forward": [],
                "order": 1,
                "redirect": [],
                "target_group_arn": "arn:aws:elasticloadbalancing:us-east-2:900715294536:targetgroup/cb-target-group-HealingPeace/f48c8799b19b05b8",
                "type": "forward"
              }
            ],
            "id": "arn:aws:elasticloadbalancing:us-east-2:900715294536:listener/app/HealingPeace/b0037548a9acce3b/019ae45ba178df2d",
            "load_balancer_arn": "arn:aws:elasticloadbalancing:us-east-2:900715294536:loadbalancer/app/HealingPeace/b0037548a9acce3b",
            "port": 443,
            "protocol": "HTTPS",
            "ssl_policy": "ELBSecurityPolicy-2016-08",
            "tags": {},
            "tags_all": {},
            "timeouts": null
          },
          "sensitive_attributes": [],
          "private": "eyJlMmJmYjczMC1lY2FhLTExZTYtOGY4OC0zNDM2M2JjN2M0YzAiOnsicmVhZCI6NjAwMDAwMDAwMDAwfX0=",
          "dependencies": [
            "module.aws_alb.aws_alb_target_group.app",
            "module.aws_security_group.aws_security_group.lb",
            "module.aws_vpc.aws_subnet.public",
            "module.aws_vpc.aws_vpc.main",
            "module.aws_vpc.data.aws_availability_zones.available",
            "module.aws_alb.aws_alb.main"
          ]
        }
      ]
    },
    {
      "module": "module.aws_alb",
      "mode": "managed",
      "type": "aws_alb_target_group",
      "name": "app",
      "provider": "provider[\"registry.terraform.io/hashicorp/aws\"]",
      "instances": [
        {
          "schema_version": 0,
          "attributes": {
            "arn": "arn:aws:elasticloadbalancing:us-east-2:900715294536:targetgroup/cb-target-group-HealingPeace/f48c8799b19b05b8",
            "arn_suffix": "targetgroup/cb-target-group-HealingPeace/f48c8799b19b05b8",
            "connection_termination": false,
            "deregistration_delay": "300",
            "health_check": [
              {
                "enabled": true,
                "healthy_threshold": 3,
                "interval": 30,
                "matcher": "200",
                "path": "/elb-check",
                "port": "traffic-port",
                "protocol": "HTTP",
                "timeout": 3,
                "unhealthy_threshold": 2
              }
            ],
            "id": "arn:aws:elasticloadbalancing:us-east-2:900715294536:targetgroup/cb-target-group-HealingPeace/f48c8799b19b05b8",
            "lambda_multi_value_headers_enabled": false,
            "load_balancing_algorithm_type": "round_robin",
            "name": "cb-target-group-HealingPeace",
            "name_prefix": null,
            "port": 80,
            "preserve_client_ip": null,
            "protocol": "HTTP",
            "protocol_version": "HTTP1",
            "proxy_protocol_v2": false,
            "slow_start": 0,
            "stickiness": [
              {
                "cookie_duration": 86400,
                "cookie_name": "",
                "enabled": false,
                "type": "lb_cookie"
              }
            ],
            "tags": {},
            "tags_all": {},
            "target_type": "ip",
            "vpc_id": "vpc-04c5dab518b6fc643"
          },
          "sensitive_attributes": [],
          "private": "bnVsbA==",
          "dependencies": [
            "module.aws_vpc.aws_vpc.main"
          ]
        }
      ]
    },
    {
      "module": "module.aws_asg",
      "mode": "managed",
      "type": "aws_appautoscaling_policy",
      "name": "down",
      "provider": "provider[\"registry.terraform.io/hashicorp/aws\"]",
      "instances": [
        {
          "schema_version": 0,
          "attributes": {
            "arn": "arn:aws:autoscaling:us-east-2:900715294536:scalingPolicy:4921e75a-8861-454b-8930-1ff9a03e76eb:resource/ecs/service/cb-cluster-HealingPeace/cb-service:policyName/cb_scale_down",
            "id": "cb_scale_down",
            "name": "cb_scale_down",
            "policy_type": "StepScaling",
            "resource_id": "service/cb-cluster-HealingPeace/cb-service",
            "scalable_dimension": "ecs:service:DesiredCount",
            "service_namespace": "ecs",
            "step_scaling_policy_configuration": [
              {
                "adjustment_type": "ChangeInCapacity",
                "cooldown": 60,
                "metric_aggregation_type": "Maximum",
                "min_adjustment_magnitude": 0,
                "step_adjustment": [
                  {
                    "metric_interval_lower_bound": "0",
                    "metric_interval_upper_bound": "",
                    "scaling_adjustment": -1
                  }
                ]
              }
            ],
            "target_tracking_scaling_policy_configuration": []
          },
          "sensitive_attributes": [],
          "private": "bnVsbA==",
          "dependencies": [
            "module.aws_vpc.aws_subnet.public",
            "module.aws_vpc.aws_vpc.main",
            "module.aws_alb.aws_alb_listener.front_end",
            "module.aws_alb.aws_alb_target_group.app",
            "module.aws_iam.aws_iam_policy.ecr_access",
            "module.aws_iam.data.aws_iam_policy_document.ecs_read_ecr",
            "module.aws_iam.data.aws_iam_policy_document.ecs_task_execution_role",
            "module.aws_alb.aws_alb_listener.front_end_https",
            "module.aws_vpc.aws_subnet.private",
            "module.aws_vpc.data.aws_availability_zones.available",
            "module.aws_alb.aws_alb.main",
            "module.aws_ecr_repo.aws_ecr_repository.ecr_repository",
            "module.aws_fargate.aws_ecs_service.main",
            "module.aws_fargate.aws_ecs_task_definition.app",
            "module.aws_fargate.data.template_file.cb_app",
            "module.aws_security_group.aws_security_group.ecs_tasks",
            "module.aws_security_group.aws_security_group.lb",
            "module.aws_asg.aws_appautoscaling_target.target",
            "module.aws_fargate.aws_ecs_cluster.main",
            "module.aws_iam.aws_iam_role.ecs_task_execution_role",
            "module.aws_iam.aws_iam_role_policy_attachment.ecs_task_execution_role",
            "module.aws_iam.aws_iam_role_policy_attachment.role_policy"
          ]
        }
      ]
    },
    {
      "module": "module.aws_asg",
      "mode": "managed",
      "type": "aws_appautoscaling_policy",
      "name": "up",
      "provider": "provider[\"registry.terraform.io/hashicorp/aws\"]",
      "instances": [
        {
          "schema_version": 0,
          "attributes": {
            "arn": "arn:aws:autoscaling:us-east-2:900715294536:scalingPolicy:4921e75a-8861-454b-8930-1ff9a03e76eb:resource/ecs/service/cb-cluster-HealingPeace/cb-service:policyName/cb_scale_up",
            "id": "cb_scale_up",
            "name": "cb_scale_up",
            "policy_type": "StepScaling",
            "resource_id": "service/cb-cluster-HealingPeace/cb-service",
            "scalable_dimension": "ecs:service:DesiredCount",
            "service_namespace": "ecs",
            "step_scaling_policy_configuration": [
              {
                "adjustment_type": "ChangeInCapacity",
                "cooldown": 60,
                "metric_aggregation_type": "Maximum",
                "min_adjustment_magnitude": 0,
                "step_adjustment": [
                  {
                    "metric_interval_lower_bound": "0",
                    "metric_interval_upper_bound": "",
                    "scaling_adjustment": 1
                  }
                ]
              }
            ],
            "target_tracking_scaling_policy_configuration": []
          },
          "sensitive_attributes": [],
          "private": "bnVsbA==",
          "dependencies": [
            "module.aws_alb.aws_alb.main",
            "module.aws_vpc.aws_vpc.main",
            "module.aws_iam.data.aws_iam_policy_document.ecs_read_ecr",
            "module.aws_iam.data.aws_iam_policy_document.ecs_task_execution_role",
            "module.aws_security_group.aws_security_group.lb",
            "module.aws_alb.aws_alb_listener.front_end_https",
            "module.aws_fargate.aws_ecs_cluster.main",
            "module.aws_fargate.aws_ecs_service.main",
            "module.aws_fargate.aws_ecs_task_definition.app",
            "module.aws_iam.aws_iam_role_policy_attachment.ecs_task_execution_role",
            "module.aws_vpc.aws_subnet.private",
            "module.aws_vpc.aws_subnet.public",
            "module.aws_vpc.data.aws_availability_zones.available",
            "module.aws_asg.aws_appautoscaling_target.target",
            "module.aws_iam.aws_iam_role.ecs_task_execution_role",
            "module.aws_iam.aws_iam_role_policy_attachment.role_policy",
            "module.aws_security_group.aws_security_group.ecs_tasks",
            "module.aws_alb.aws_alb_listener.front_end",
            "module.aws_alb.aws_alb_target_group.app",
            "module.aws_ecr_repo.aws_ecr_repository.ecr_repository",
            "module.aws_fargate.data.template_file.cb_app",
            "module.aws_iam.aws_iam_policy.ecr_access"
          ]
        }
      ]
    },
    {
      "module": "module.aws_asg",
      "mode": "managed",
      "type": "aws_appautoscaling_target",
      "name": "target",
      "provider": "provider[\"registry.terraform.io/hashicorp/aws\"]",
      "instances": [
        {
          "schema_version": 0,
          "attributes": {
            "id": "service/cb-cluster-HealingPeace/cb-service",
            "max_capacity": 2,
            "min_capacity": 1,
            "resource_id": "service/cb-cluster-HealingPeace/cb-service",
            "role_arn": "arn:aws:iam::900715294536:role/aws-service-role/ecs.application-autoscaling.amazonaws.com/AWSServiceRoleForApplicationAutoScaling_ECSService",
            "scalable_dimension": "ecs:service:DesiredCount",
            "service_namespace": "ecs"
          },
          "sensitive_attributes": [],
          "private": "bnVsbA==",
          "dependencies": [
            "module.aws_alb.aws_alb.main",
            "module.aws_fargate.data.template_file.cb_app",
            "module.aws_iam.data.aws_iam_policy_document.ecs_task_execution_role",
            "module.aws_vpc.aws_subnet.private",
            "module.aws_vpc.aws_vpc.main",
            "module.aws_alb.aws_alb_listener.front_end_https",
            "module.aws_alb.aws_alb_target_group.app",
            "module.aws_ecr_repo.aws_ecr_repository.ecr_repository",
            "module.aws_fargate.aws_ecs_cluster.main",
            "module.aws_fargate.aws_ecs_task_definition.app",
            "module.aws_security_group.aws_security_group.lb",
            "module.aws_alb.aws_alb_listener.front_end",
            "module.aws_iam.aws_iam_role.ecs_task_execution_role",
            "module.aws_security_group.aws_security_group.ecs_tasks",
            "module.aws_vpc.data.aws_availability_zones.available",
            "module.aws_fargate.aws_ecs_service.main",
            "module.aws_iam.aws_iam_policy.ecr_access",
            "module.aws_iam.aws_iam_role_policy_attachment.ecs_task_execution_role",
            "module.aws_iam.aws_iam_role_policy_attachment.role_policy",
            "module.aws_iam.data.aws_iam_policy_document.ecs_read_ecr",
            "module.aws_vpc.aws_subnet.public"
          ]
        }
      ]
    },
    {
      "module": "module.aws_asg",
      "mode": "managed",
      "type": "aws_cloudwatch_metric_alarm",
      "name": "service_cpu_high",
      "provider": "provider[\"registry.terraform.io/hashicorp/aws\"]",
      "instances": [
        {
          "schema_version": 1,
          "attributes": {
            "actions_enabled": true,
            "alarm_actions": [
              "arn:aws:autoscaling:us-east-2:900715294536:scalingPolicy:4921e75a-8861-454b-8930-1ff9a03e76eb:resource/ecs/service/cb-cluster-HealingPeace/cb-service:policyName/cb_scale_up"
            ],
            "alarm_description": "",
            "alarm_name": "cb_cpu_utilization_high",
            "arn": "arn:aws:cloudwatch:us-east-2:900715294536:alarm:cb_cpu_utilization_high",
            "comparison_operator": "GreaterThanOrEqualToThreshold",
            "datapoints_to_alarm": 0,
            "dimensions": {
              "ClusterName": "cb-cluster-HealingPeace",
              "ServiceName": "cb-service"
            },
            "evaluate_low_sample_count_percentiles": "",
            "evaluation_periods": 2,
            "extended_statistic": "",
            "id": "cb_cpu_utilization_high",
            "insufficient_data_actions": [],
            "metric_name": "CPUUtilization",
            "metric_query": [],
            "namespace": "AWS/ECS",
            "ok_actions": [],
            "period": 60,
            "statistic": "Average",
            "tags": {},
            "tags_all": {},
            "threshold": 85,
            "threshold_metric_id": "",
            "treat_missing_data": "missing",
            "unit": ""
          },
          "sensitive_attributes": [],
          "private": "eyJzY2hlbWFfdmVyc2lvbiI6IjEifQ==",
          "dependencies": [
            "module.aws_fargate.aws_ecs_task_definition.app",
            "module.aws_iam.aws_iam_role_policy_attachment.ecs_task_execution_role",
            "module.aws_iam.data.aws_iam_policy_document.ecs_task_execution_role",
            "module.aws_asg.aws_appautoscaling_policy.up",
            "module.aws_iam.aws_iam_policy.ecr_access",
            "module.aws_iam.aws_iam_role.ecs_task_execution_role",
            "module.aws_iam.aws_iam_role_policy_attachment.role_policy",
            "module.aws_iam.data.aws_iam_policy_document.ecs_read_ecr",
            "module.aws_security_group.aws_security_group.lb",
            "module.aws_vpc.aws_subnet.private",
            "module.aws_vpc.aws_vpc.main",
            "module.aws_fargate.data.template_file.cb_app",
            "module.aws_fargate.aws_ecs_cluster.main",
            "module.aws_security_group.aws_security_group.ecs_tasks",
            "module.aws_vpc.aws_subnet.public",
            "module.aws_vpc.data.aws_availability_zones.available",
            "module.aws_alb.aws_alb_listener.front_end_https",
            "module.aws_alb.aws_alb_listener.front_end",
            "module.aws_alb.aws_alb_target_group.app",
            "module.aws_asg.aws_appautoscaling_target.target",
            "module.aws_ecr_repo.aws_ecr_repository.ecr_repository",
            "module.aws_fargate.aws_ecs_service.main",
            "module.aws_alb.aws_alb.main"
          ]
        }
      ]
    },
    {
      "module": "module.aws_asg",
      "mode": "managed",
      "type": "aws_cloudwatch_metric_alarm",
      "name": "service_cpu_low",
      "provider": "provider[\"registry.terraform.io/hashicorp/aws\"]",
      "instances": [
        {
          "schema_version": 1,
          "attributes": {
            "actions_enabled": true,
            "alarm_actions": [
              "arn:aws:autoscaling:us-east-2:900715294536:scalingPolicy:4921e75a-8861-454b-8930-1ff9a03e76eb:resource/ecs/service/cb-cluster-HealingPeace/cb-service:policyName/cb_scale_down"
            ],
            "alarm_description": "",
            "alarm_name": "cb_cpu_utilization_low",
            "arn": "arn:aws:cloudwatch:us-east-2:900715294536:alarm:cb_cpu_utilization_low",
            "comparison_operator": "LessThanOrEqualToThreshold",
            "datapoints_to_alarm": 0,
            "dimensions": {
              "ClusterName": "cb-cluster-HealingPeace",
              "ServiceName": "cb-service"
            },
            "evaluate_low_sample_count_percentiles": "",
            "evaluation_periods": 2,
            "extended_statistic": "",
            "id": "cb_cpu_utilization_low",
            "insufficient_data_actions": [],
            "metric_name": "CPUUtilization",
            "metric_query": [],
            "namespace": "AWS/ECS",
            "ok_actions": [],
            "period": 60,
            "statistic": "Average",
            "tags": {},
            "tags_all": {},
            "threshold": 10,
            "threshold_metric_id": "",
            "treat_missing_data": "missing",
            "unit": ""
          },
          "sensitive_attributes": [],
          "private": "eyJzY2hlbWFfdmVyc2lvbiI6IjEifQ==",
          "dependencies": [
            "module.aws_alb.aws_alb_listener.front_end_https",
            "module.aws_asg.aws_appautoscaling_policy.down",
            "module.aws_asg.aws_appautoscaling_target.target",
            "module.aws_iam.aws_iam_role_policy_attachment.role_policy",
            "module.aws_iam.data.aws_iam_policy_document.ecs_read_ecr",
            "module.aws_iam.data.aws_iam_policy_document.ecs_task_execution_role",
            "module.aws_security_group.aws_security_group.ecs_tasks",
            "module.aws_alb.aws_alb.main",
            "module.aws_alb.aws_alb_target_group.app",
            "module.aws_ecr_repo.aws_ecr_repository.ecr_repository",
            "module.aws_fargate.aws_ecs_cluster.main",
            "module.aws_iam.aws_iam_role_policy_attachment.ecs_task_execution_role",
            "module.aws_vpc.aws_vpc.main",
            "module.aws_vpc.data.aws_availability_zones.available",
            "module.aws_alb.aws_alb_listener.front_end",
            "module.aws_security_group.aws_security_group.lb",
            "module.aws_vpc.aws_subnet.private",
            "module.aws_vpc.aws_subnet.public",
            "module.aws_fargate.aws_ecs_service.main",
            "module.aws_fargate.aws_ecs_task_definition.app",
            "module.aws_fargate.data.template_file.cb_app",
            "module.aws_iam.aws_iam_policy.ecr_access",
            "module.aws_iam.aws_iam_role.ecs_task_execution_role"
          ]
        }
      ]
    },
    {
      "module": "module.aws_cw",
      "mode": "managed",
      "type": "aws_cloudwatch_log_group",
      "name": "cb_log_group",
      "provider": "provider[\"registry.terraform.io/hashicorp/aws\"]",
      "instances": [
        {
          "schema_version": 0,
          "attributes": {
            "arn": "arn:aws:logs:us-east-2:900715294536:log-group:/ecs/HealingPeace",
            "id": "/ecs/HealingPeace",
            "kms_key_id": "",
            "name": "/ecs/HealingPeace",
            "name_prefix": null,
            "retention_in_days": 30,
            "tags": {
              "Name": "cb-log-group"
            },
            "tags_all": {
              "Name": "cb-log-group"
            }
          },
          "sensitive_attributes": [],
          "private": "bnVsbA=="
        }
      ]
    },
    {
      "module": "module.aws_cw",
      "mode": "managed",
      "type": "aws_cloudwatch_log_stream",
      "name": "cb_log_stream",
      "provider": "provider[\"registry.terraform.io/hashicorp/aws\"]",
      "instances": [
        {
          "schema_version": 0,
          "attributes": {
            "arn": "arn:aws:logs:us-east-2:900715294536:log-group:/ecs/HealingPeace:log-stream:cb-log-stream",
            "id": "cb-log-stream",
            "log_group_name": "/ecs/HealingPeace",
            "name": "cb-log-stream"
          },
          "sensitive_attributes": [],
          "private": "bnVsbA==",
          "dependencies": [
            "module.aws_cw.aws_cloudwatch_log_group.cb_log_group"
          ]
        }
      ]
    },
    {
      "module": "module.aws_ecr_repo",
      "mode": "managed",
      "type": "aws_ecr_repository",
      "name": "ecr_repository",
      "provider": "provider[\"registry.terraform.io/hashicorp/aws\"]",
      "instances": [
        {
          "schema_version": 0,
          "attributes": {
            "arn": "arn:aws:ecr:us-east-2:900715294536:repository/healingpeaace",
            "encryption_configuration": [
              {
                "encryption_type": "AES256",
                "kms_key": ""
              }
            ],
            "id": "healingpeaace",
            "image_scanning_configuration": [
              {
                "scan_on_push": false
              }
            ],
            "image_tag_mutability": "MUTABLE",
            "name": "healingpeaace",
            "registry_id": "900715294536",
            "repository_url": "900715294536.dkr.ecr.us-east-2.amazonaws.com/healingpeaace",
            "tags": {},
            "tags_all": {},
            "timeouts": null
          },
          "sensitive_attributes": [],
          "private": "eyJlMmJmYjczMC1lY2FhLTExZTYtOGY4OC0zNDM2M2JjN2M0YzAiOnsiZGVsZXRlIjoxMjAwMDAwMDAwMDAwfX0="
        }
      ]
    },
    {
      "module": "module.aws_fargate",
      "mode": "data",
      "type": "template_file",
      "name": "cb_app",
      "provider": "provider[\"registry.terraform.io/hashicorp/template\"]",
      "instances": [
        {
          "schema_version": 0,
          "attributes": {
            "filename": null,
            "id": "aaf96510edbbf1ec6359ecbbca4be6adf491ec1d12a796076aad6fa9348c68a2",
            "rendered": "[\n  {\n    \"name\": \"cb-app\",\n    \"image\": \"900715294536.dkr.ecr.us-east-2.amazonaws.com/healingpeaace:latestv12\",\n    \"cpu\": 1024,\n    \"memory\": 2048,\n    \"networkMode\": \"awsvpc\",\n    \"logConfiguration\": {\n        \"logDriver\": \"awslogs\",\n        \"options\": {\n          \"awslogs-group\": \"/ecs/HealingPeace\",\n          \"awslogs-region\": \"us-east-2\",\n          \"awslogs-stream-prefix\": \"ecs\"\n        }\n    },\n    \"portMappings\": [\n      {\n        \"containerPort\": 80,\n        \"hostPort\": 80\n      }\n    ]\n  }\n]",
            "template": "[\n  {\n    \"name\": \"cb-app\",\n    \"image\": \"${app_image}\",\n    \"cpu\": ${fargate_cpu},\n    \"memory\": ${fargate_memory},\n    \"networkMode\": \"awsvpc\",\n    \"logConfiguration\": {\n        \"logDriver\": \"awslogs\",\n        \"options\": {\n          \"awslogs-group\": \"/ecs/${app_name}\",\n          \"awslogs-region\": \"${aws_region}\",\n          \"awslogs-stream-prefix\": \"ecs\"\n        }\n    },\n    \"portMappings\": [\n      {\n        \"containerPort\": ${app_port},\n        \"hostPort\": ${app_port}\n      }\n    ]\n  }\n]",
            "vars": {
              "app_image": "900715294536.dkr.ecr.us-east-2.amazonaws.com/healingpeaace:latestv12",
              "app_name": "HealingPeace",
              "app_port": "80",
              "aws_region": "us-east-2",
              "fargate_cpu": "1024",
              "fargate_memory": "2048"
            }
          },
          "sensitive_attributes": []
        }
      ]
    },
    {
      "module": "module.aws_fargate",
      "mode": "managed",
      "type": "aws_ecs_cluster",
      "name": "main",
      "provider": "provider[\"registry.terraform.io/hashicorp/aws\"]",
      "instances": [
        {
          "schema_version": 0,
          "attributes": {
            "arn": "arn:aws:ecs:us-east-2:900715294536:cluster/cb-cluster-HealingPeace",
            "capacity_providers": [],
            "configuration": [],
            "default_capacity_provider_strategy": [],
            "id": "arn:aws:ecs:us-east-2:900715294536:cluster/cb-cluster-HealingPeace",
            "name": "cb-cluster-HealingPeace",
            "setting": [
              {
                "name": "containerInsights",
                "value": "disabled"
              }
            ],
            "tags": {},
            "tags_all": {}
          },
          "sensitive_attributes": [],
          "private": "bnVsbA==",
          "dependencies": [
            "module.aws_alb.aws_alb_target_group.app",
            "module.aws_iam.aws_iam_role_policy_attachment.ecs_task_execution_role",
            "module.aws_security_group.aws_security_group.lb",
            "module.aws_iam.data.aws_iam_policy_document.ecs_read_ecr",
            "module.aws_vpc.aws_vpc.main",
            "module.aws_alb.aws_alb_listener.front_end_https",
            "module.aws_iam.aws_iam_policy.ecr_access",
            "module.aws_iam.data.aws_iam_policy_document.ecs_task_execution_role",
            "module.aws_vpc.data.aws_availability_zones.available",
            "module.aws_alb.aws_alb.main",
            "module.aws_alb.aws_alb_listener.front_end",
            "module.aws_iam.aws_iam_role.ecs_task_execution_role",
            "module.aws_iam.aws_iam_role_policy_attachment.role_policy",
            "module.aws_vpc.aws_subnet.public"
          ]
        }
      ]
    },
    {
      "module": "module.aws_fargate",
      "mode": "managed",
      "type": "aws_ecs_service",
      "name": "main",
      "provider": "provider[\"registry.terraform.io/hashicorp/aws\"]",
      "instances": [
        {
          "schema_version": 0,
          "attributes": {
            "capacity_provider_strategy": [],
            "cluster": "arn:aws:ecs:us-east-2:900715294536:cluster/cb-cluster-HealingPeace",
            "deployment_circuit_breaker": [
              {
                "enable": false,
                "rollback": false
              }
            ],
            "deployment_controller": [
              {
                "type": "ECS"
              }
            ],
            "deployment_maximum_percent": 200,
            "deployment_minimum_healthy_percent": 100,
            "desired_count": 1,
            "enable_ecs_managed_tags": false,
            "enable_execute_command": false,
            "force_new_deployment": null,
            "health_check_grace_period_seconds": 0,
            "iam_role": "aws-service-role",
            "id": "arn:aws:ecs:us-east-2:900715294536:service/cb-cluster-HealingPeace/cb-service",
            "launch_type": "FARGATE",
            "load_balancer": [
              {
                "container_name": "cb-app",
                "container_port": 80,
                "elb_name": "",
                "target_group_arn": "arn:aws:elasticloadbalancing:us-east-2:900715294536:targetgroup/cb-target-group-HealingPeace/f48c8799b19b05b8"
              }
            ],
            "name": "cb-service",
            "network_configuration": [
              {
                "assign_public_ip": true,
                "security_groups": [
                  "sg-0dc3e0bfe48fddeb4"
                ],
                "subnets": [
                  "subnet-02087cfaf68257925",
                  "subnet-0bd57bac22de6b958"
                ]
              }
            ],
            "ordered_placement_strategy": [],
            "placement_constraints": [],
            "platform_version": "LATEST",
            "propagate_tags": "NONE",
            "scheduling_strategy": "REPLICA",
            "service_registries": [],
            "tags": {},
            "tags_all": {},
            "task_definition": "arn:aws:ecs:us-east-2:900715294536:task-definition/cb-app-task:8",
            "timeouts": null,
            "wait_for_steady_state": false
          },
          "sensitive_attributes": [],
          "private": "eyJlMmJmYjczMC1lY2FhLTExZTYtOGY4OC0zNDM2M2JjN2M0YzAiOnsiZGVsZXRlIjoxMjAwMDAwMDAwMDAwfX0=",
          "dependencies": [
            "module.aws_iam.data.aws_iam_policy_document.ecs_read_ecr",
            "module.aws_iam.data.aws_iam_policy_document.ecs_task_execution_role",
            "module.aws_alb.aws_alb_listener.front_end",
            "module.aws_ecr_repo.aws_ecr_repository.ecr_repository",
            "module.aws_fargate.aws_ecs_cluster.main",
            "module.aws_fargate.data.template_file.cb_app",
            "module.aws_iam.aws_iam_role_policy_attachment.role_policy",
            "module.aws_vpc.aws_subnet.private",
            "module.aws_vpc.aws_subnet.public",
            "module.aws_vpc.data.aws_availability_zones.available",
            "module.aws_alb.aws_alb_listener.front_end_https",
            "module.aws_fargate.aws_ecs_task_definition.app",
            "module.aws_iam.aws_iam_policy.ecr_access",
            "module.aws_iam.aws_iam_role.ecs_task_execution_role",
            "module.aws_security_group.aws_security_group.ecs_tasks",
            "module.aws_iam.aws_iam_role_policy_attachment.ecs_task_execution_role",
            "module.aws_security_group.aws_security_group.lb",
            "module.aws_alb.aws_alb.main",
            "module.aws_alb.aws_alb_target_group.app",
            "module.aws_vpc.aws_vpc.main"
          ]
        }
      ]
    },
    {
      "module": "module.aws_fargate",
      "mode": "managed",
      "type": "aws_ecs_task_definition",
      "name": "app",
      "provider": "provider[\"registry.terraform.io/hashicorp/aws\"]",
      "instances": [
        {
          "schema_version": 1,
          "attributes": {
            "arn": "arn:aws:ecs:us-east-2:900715294536:task-definition/cb-app-task:8",
            "container_definitions": "[{\"cpu\":1024,\"environment\":[],\"essential\":true,\"image\":\"900715294536.dkr.ecr.us-east-2.amazonaws.com/healingpeaace:latestv12\",\"logConfiguration\":{\"logDriver\":\"awslogs\",\"options\":{\"awslogs-group\":\"/ecs/HealingPeace\",\"awslogs-region\":\"us-east-2\",\"awslogs-stream-prefix\":\"ecs\"}},\"memory\":2048,\"mountPoints\":[],\"name\":\"cb-app\",\"portMappings\":[{\"containerPort\":80,\"hostPort\":80,\"protocol\":\"tcp\"}],\"volumesFrom\":[]}]",
            "cpu": "1024",
            "ephemeral_storage": [],
            "execution_role_arn": "arn:aws:iam::900715294536:role/myEcsTaskExecutionRole-HealingPeace",
            "family": "cb-app-task",
            "id": "cb-app-task",
            "inference_accelerator": [],
            "ipc_mode": "",
            "memory": "2048",
            "network_mode": "awsvpc",
            "pid_mode": "",
            "placement_constraints": [],
            "proxy_configuration": [],
            "requires_compatibilities": [
              "FARGATE"
            ],
            "revision": 8,
            "runtime_platform": [],
            "skip_destroy": false,
            "tags": {},
            "tags_all": {},
            "task_role_arn": "",
            "volume": []
          },
          "sensitive_attributes": [],
          "private": "eyJzY2hlbWFfdmVyc2lvbiI6IjEifQ==",
          "dependencies": [
            "module.aws_alb.aws_alb_listener.front_end",
            "module.aws_alb.aws_alb_listener.front_end_https",
            "module.aws_alb.aws_alb_target_group.app",
            "module.aws_vpc.data.aws_availability_zones.available",
            "module.aws_iam.aws_iam_policy.ecr_access",
            "module.aws_iam.data.aws_iam_policy_document.ecs_task_execution_role",
            "module.aws_vpc.aws_vpc.main",
            "module.aws_iam.aws_iam_role_policy_attachment.ecs_task_execution_role",
            "module.aws_iam.aws_iam_role_policy_attachment.role_policy",
            "module.aws_vpc.aws_subnet.public",
            "module.aws_security_group.aws_security_group.lb",
            "module.aws_alb.aws_alb.main",
            "module.aws_ecr_repo.aws_ecr_repository.ecr_repository",
            "module.aws_fargate.data.template_file.cb_app",
            "module.aws_iam.aws_iam_role.ecs_task_execution_role",
            "module.aws_iam.data.aws_iam_policy_document.ecs_read_ecr"
          ]
        }
      ]
    },
    {
      "module": "module.aws_iam",
      "mode": "data",
      "type": "aws_iam_policy_document",
      "name": "ecs_read_ecr",
      "provider": "provider[\"registry.terraform.io/hashicorp/aws\"]",
      "instances": [
        {
          "schema_version": 0,
          "attributes": {
            "id": "1420726984",
            "json": "{\n  \"Version\": \"2012-10-17\",\n  \"Statement\": [\n    {\n      \"Sid\": \"\",\n      \"Effect\": \"Allow\",\n      \"Action\": [\n        \"logs:PutLogEvents\",\n        \"logs:CreateLogStream\",\n        \"ecr:GetDownloadUrlForLayer\",\n        \"ecr:GetAuthorizationToken\",\n        \"ecr:BatchGetImage\",\n        \"ecr:BatchCheckLayerAvailability\"\n      ],\n      \"Resource\": \"*\"\n    }\n  ]\n}",
            "override_json": null,
            "override_policy_documents": null,
            "policy_id": null,
            "source_json": null,
            "source_policy_documents": null,
            "statement": [
              {
                "actions": [
                  "ecr:BatchCheckLayerAvailability",
                  "ecr:BatchGetImage",
                  "ecr:GetAuthorizationToken",
                  "ecr:GetDownloadUrlForLayer",
                  "logs:CreateLogStream",
                  "logs:PutLogEvents"
                ],
                "condition": [],
                "effect": "Allow",
                "not_actions": [],
                "not_principals": [],
                "not_resources": [],
                "principals": [],
                "resources": [
                  "*"
                ],
                "sid": ""
              }
            ],
            "version": "2012-10-17"
          },
          "sensitive_attributes": []
        }
      ]
    },
    {
      "module": "module.aws_iam",
      "mode": "data",
      "type": "aws_iam_policy_document",
      "name": "ecs_task_execution_role",
      "provider": "provider[\"registry.terraform.io/hashicorp/aws\"]",
      "instances": [
        {
          "schema_version": 0,
          "attributes": {
            "id": "320642683",
            "json": "{\n  \"Version\": \"2012-10-17\",\n  \"Statement\": [\n    {\n      \"Sid\": \"\",\n      \"Effect\": \"Allow\",\n      \"Action\": \"sts:AssumeRole\",\n      \"Principal\": {\n        \"Service\": \"ecs-tasks.amazonaws.com\"\n      }\n    }\n  ]\n}",
            "override_json": null,
            "override_policy_documents": null,
            "policy_id": null,
            "source_json": null,
            "source_policy_documents": null,
            "statement": [
              {
                "actions": [
                  "sts:AssumeRole"
                ],
                "condition": [],
                "effect": "Allow",
                "not_actions": [],
                "not_principals": [],
                "not_resources": [],
                "principals": [
                  {
                    "identifiers": [
                      "ecs-tasks.amazonaws.com"
                    ],
                    "type": "Service"
                  }
                ],
                "resources": [],
                "sid": ""
              }
            ],
            "version": "2012-10-17"
          },
          "sensitive_attributes": []
        }
      ]
    },
    {
      "module": "module.aws_iam",
      "mode": "managed",
      "type": "aws_iam_policy",
      "name": "ecr_access",
      "provider": "provider[\"registry.terraform.io/hashicorp/aws\"]",
      "instances": [
        {
          "schema_version": 0,
          "attributes": {
            "arn": "arn:aws:iam::900715294536:policy/ecr_read_access-HealingPeace",
            "description": "",
            "id": "arn:aws:iam::900715294536:policy/ecr_read_access-HealingPeace",
            "name": "ecr_read_access-HealingPeace",
            "name_prefix": null,
            "path": "/",
            "policy": "{\"Statement\":[{\"Action\":[\"logs:PutLogEvents\",\"logs:CreateLogStream\",\"ecr:GetDownloadUrlForLayer\",\"ecr:GetAuthorizationToken\",\"ecr:BatchGetImage\",\"ecr:BatchCheckLayerAvailability\"],\"Effect\":\"Allow\",\"Resource\":\"*\",\"Sid\":\"\"}],\"Version\":\"2012-10-17\"}",
            "policy_id": "ANPA5DNWQV5EODPQV4LOK",
            "tags": {},
            "tags_all": {}
          },
          "sensitive_attributes": [],
          "private": "bnVsbA==",
          "dependencies": [
            "module.aws_iam.data.aws_iam_policy_document.ecs_read_ecr"
          ]
        }
      ]
    },
    {
      "module": "module.aws_iam",
      "mode": "managed",
      "type": "aws_iam_role",
      "name": "ecs_task_execution_role",
      "provider": "provider[\"registry.terraform.io/hashicorp/aws\"]",
      "instances": [
        {
          "schema_version": 0,
          "attributes": {
            "arn": "arn:aws:iam::900715294536:role/myEcsTaskExecutionRole-HealingPeace",
            "assume_role_policy": "{\"Version\":\"2012-10-17\",\"Statement\":[{\"Sid\":\"\",\"Effect\":\"Allow\",\"Principal\":{\"Service\":\"ecs-tasks.amazonaws.com\"},\"Action\":\"sts:AssumeRole\"}]}",
            "create_date": "2022-05-27T03:49:02Z",
            "description": "",
            "force_detach_policies": false,
            "id": "myEcsTaskExecutionRole-HealingPeace",
            "inline_policy": [
              {
                "name": "",
                "policy": ""
              }
            ],
            "managed_policy_arns": [
              "arn:aws:iam::900715294536:policy/ecr_read_access-HealingPeace",
              "arn:aws:iam::aws:policy/service-role/AmazonECSTaskExecutionRolePolicy"
            ],
            "max_session_duration": 3600,
            "name": "myEcsTaskExecutionRole-HealingPeace",
            "name_prefix": "",
            "path": "/",
            "permissions_boundary": null,
            "tags": {},
            "tags_all": {},
            "unique_id": "AROA5DNWQV5EC5T2322TH"
          },
          "sensitive_attributes": [],
          "private": "bnVsbA==",
          "dependencies": [
            "module.aws_iam.data.aws_iam_policy_document.ecs_task_execution_role"
          ]
        }
      ]
    },
    {
      "module": "module.aws_iam",
      "mode": "managed",
      "type": "aws_iam_role_policy_attachment",
      "name": "ecs_task_execution_role",
      "provider": "provider[\"registry.terraform.io/hashicorp/aws\"]",
      "instances": [
        {
          "schema_version": 0,
          "attributes": {
            "id": "myEcsTaskExecutionRole-HealingPeace-20220527034947375300000002",
            "policy_arn": "arn:aws:iam::aws:policy/service-role/AmazonECSTaskExecutionRolePolicy",
            "role": "myEcsTaskExecutionRole-HealingPeace"
          },
          "sensitive_attributes": [],
          "private": "bnVsbA==",
          "dependencies": [
            "module.aws_iam.data.aws_iam_policy_document.ecs_task_execution_role",
            "module.aws_iam.aws_iam_role.ecs_task_execution_role"
          ]
        }
      ]
    },
    {
      "module": "module.aws_iam",
      "mode": "managed",
      "type": "aws_iam_role_policy_attachment",
      "name": "role_policy",
      "provider": "provider[\"registry.terraform.io/hashicorp/aws\"]",
      "instances": [
        {
          "schema_version": 0,
          "attributes": {
            "id": "myEcsTaskExecutionRole-HealingPeace-20220527034947375300000001",
            "policy_arn": "arn:aws:iam::900715294536:policy/ecr_read_access-HealingPeace",
            "role": "myEcsTaskExecutionRole-HealingPeace"
          },
          "sensitive_attributes": [],
          "private": "bnVsbA==",
          "dependencies": [
            "module.aws_iam.aws_iam_policy.ecr_access",
            "module.aws_iam.aws_iam_role.ecs_task_execution_role",
            "module.aws_iam.data.aws_iam_policy_document.ecs_read_ecr",
            "module.aws_iam.data.aws_iam_policy_document.ecs_task_execution_role"
          ]
        }
      ]
    },
    {
      "module": "module.aws_security_group",
      "mode": "managed",
      "type": "aws_security_group",
      "name": "ecs_tasks",
      "provider": "provider[\"registry.terraform.io/hashicorp/aws\"]",
      "instances": [
        {
          "schema_version": 1,
          "attributes": {
            "arn": "arn:aws:ec2:us-east-2:900715294536:security-group/sg-0dc3e0bfe48fddeb4",
            "description": "allow inbound access from the ALB only",
            "egress": [
              {
                "cidr_blocks": [
                  "0.0.0.0/0"
                ],
                "description": "",
                "from_port": 0,
                "ipv6_cidr_blocks": [],
                "prefix_list_ids": [],
                "protocol": "-1",
                "security_groups": [],
                "self": false,
                "to_port": 0
              }
            ],
            "id": "sg-0dc3e0bfe48fddeb4",
            "ingress": [
              {
                "cidr_blocks": [],
                "description": "",
                "from_port": 80,
                "ipv6_cidr_blocks": [],
                "prefix_list_ids": [],
                "protocol": "tcp",
                "security_groups": [
                  "sg-022be3be876a8a28d"
                ],
                "self": false,
                "to_port": 80
              }
            ],
            "name": "cb-ecs-tasks-security-group",
            "name_prefix": "",
            "owner_id": "900715294536",
            "revoke_rules_on_delete": false,
            "tags": {},
            "tags_all": {},
            "timeouts": null,
            "vpc_id": "vpc-04c5dab518b6fc643"
          },
          "sensitive_attributes": [],
          "private": "eyJlMmJmYjczMC1lY2FhLTExZTYtOGY4OC0zNDM2M2JjN2M0YzAiOnsiY3JlYXRlIjo2MDAwMDAwMDAwMDAsImRlbGV0ZSI6OTAwMDAwMDAwMDAwfSwic2NoZW1hX3ZlcnNpb24iOiIxIn0=",
          "dependencies": [
            "module.aws_security_group.aws_security_group.lb",
            "module.aws_vpc.aws_vpc.main"
          ]
        }
      ]
    },
    {
      "module": "module.aws_security_group",
      "mode": "managed",
      "type": "aws_security_group",
      "name": "lb",
      "provider": "provider[\"registry.terraform.io/hashicorp/aws\"]",
      "instances": [
        {
          "schema_version": 1,
          "attributes": {
            "arn": "arn:aws:ec2:us-east-2:900715294536:security-group/sg-022be3be876a8a28d",
            "description": "controls access to the ALB",
            "egress": [
              {
                "cidr_blocks": [
                  "0.0.0.0/0"
                ],
                "description": "",
                "from_port": 0,
                "ipv6_cidr_blocks": [],
                "prefix_list_ids": [],
                "protocol": "-1",
                "security_groups": [],
                "self": false,
                "to_port": 0
              }
            ],
            "id": "sg-022be3be876a8a28d",
            "ingress": [
              {
                "cidr_blocks": [
                  "0.0.0.0/0"
                ],
                "description": "",
                "from_port": 443,
                "ipv6_cidr_blocks": [],
                "prefix_list_ids": [],
                "protocol": "tcp",
                "security_groups": [],
                "self": false,
                "to_port": 443
              },
              {
                "cidr_blocks": [
                  "0.0.0.0/0"
                ],
                "description": "",
                "from_port": 80,
                "ipv6_cidr_blocks": [],
                "prefix_list_ids": [],
                "protocol": "tcp",
                "security_groups": [],
                "self": false,
                "to_port": 80
              }
            ],
            "name": "cb-load-balancer-security-group",
            "name_prefix": "",
            "owner_id": "900715294536",
            "revoke_rules_on_delete": false,
            "tags": {},
            "tags_all": {},
            "timeouts": null,
            "vpc_id": "vpc-04c5dab518b6fc643"
          },
          "sensitive_attributes": [],
          "private": "eyJlMmJmYjczMC1lY2FhLTExZTYtOGY4OC0zNDM2M2JjN2M0YzAiOnsiY3JlYXRlIjo2MDAwMDAwMDAwMDAsImRlbGV0ZSI6OTAwMDAwMDAwMDAwfSwic2NoZW1hX3ZlcnNpb24iOiIxIn0=",
          "dependencies": [
            "module.aws_vpc.aws_vpc.main"
          ]
        }
      ]
    },
    {
      "module": "module.aws_vpc",
      "mode": "data",
      "type": "aws_availability_zones",
      "name": "available",
      "provider": "provider[\"registry.terraform.io/hashicorp/aws\"]",
      "instances": [
        {
          "schema_version": 0,
          "attributes": {
            "all_availability_zones": null,
            "exclude_names": null,
            "exclude_zone_ids": null,
            "filter": null,
            "group_names": [
              "us-east-2"
            ],
            "id": "us-east-2",
            "names": [
              "us-east-2a",
              "us-east-2b",
              "us-east-2c"
            ],
            "state": null,
            "zone_ids": [
              "use2-az1",
              "use2-az2",
              "use2-az3"
            ]
          },
          "sensitive_attributes": []
        }
      ]
    },
    {
      "module": "module.aws_vpc",
      "mode": "managed",
      "type": "aws_eip",
      "name": "gw",
      "provider": "provider[\"registry.terraform.io/hashicorp/aws\"]",
      "instances": [
        {
          "index_key": 0,
          "schema_version": 0,
          "attributes": {
            "address": null,
            "allocation_id": "eipalloc-0754312dff9134c10",
            "associate_with_private_ip": null,
            "association_id": "eipassoc-0c1c2e421f999ff15",
            "carrier_ip": "",
            "customer_owned_ip": "",
            "customer_owned_ipv4_pool": "",
            "domain": "vpc",
            "id": "eipalloc-0754312dff9134c10",
            "instance": "",
            "network_border_group": "us-east-2",
            "network_interface": "eni-0d4fc8141b858dc61",
            "private_dns": "ip-172-17-2-218.us-east-2.compute.internal",
            "private_ip": "172.17.2.218",
            "public_dns": "ec2-18-220-152-49.us-east-2.compute.amazonaws.com",
            "public_ip": "18.220.152.49",
            "public_ipv4_pool": "amazon",
            "tags": {},
            "tags_all": {},
            "timeouts": null,
            "vpc": true
          },
          "sensitive_attributes": [],
          "private": "eyJlMmJmYjczMC1lY2FhLTExZTYtOGY4OC0zNDM2M2JjN2M0YzAiOnsiZGVsZXRlIjoxODAwMDAwMDAwMDAsInJlYWQiOjkwMDAwMDAwMDAwMCwidXBkYXRlIjozMDAwMDAwMDAwMDB9fQ==",
          "dependencies": [
            "module.aws_vpc.aws_internet_gateway.gw",
            "module.aws_vpc.aws_vpc.main"
          ]
        },
        {
          "index_key": 1,
          "schema_version": 0,
          "attributes": {
            "address": null,
            "allocation_id": "eipalloc-0226340f7d09e3be6",
            "associate_with_private_ip": null,
            "association_id": "eipassoc-011d4d636e9c679ff",
            "carrier_ip": "",
            "customer_owned_ip": "",
            "customer_owned_ipv4_pool": "",
            "domain": "vpc",
            "id": "eipalloc-0226340f7d09e3be6",
            "instance": "",
            "network_border_group": "us-east-2",
            "network_interface": "eni-0e2f41b068eb0eae2",
            "private_dns": "ip-172-17-3-143.us-east-2.compute.internal",
            "private_ip": "172.17.3.143",
            "public_dns": "ec2-3-13-83-173.us-east-2.compute.amazonaws.com",
            "public_ip": "3.13.83.173",
            "public_ipv4_pool": "amazon",
            "tags": {},
            "tags_all": {},
            "timeouts": null,
            "vpc": true
          },
          "sensitive_attributes": [],
          "private": "eyJlMmJmYjczMC1lY2FhLTExZTYtOGY4OC0zNDM2M2JjN2M0YzAiOnsiZGVsZXRlIjoxODAwMDAwMDAwMDAsInJlYWQiOjkwMDAwMDAwMDAwMCwidXBkYXRlIjozMDAwMDAwMDAwMDB9fQ==",
          "dependencies": [
            "module.aws_vpc.aws_vpc.main",
            "module.aws_vpc.aws_internet_gateway.gw"
          ]
        }
      ]
    },
    {
      "module": "module.aws_vpc",
      "mode": "managed",
      "type": "aws_internet_gateway",
      "name": "gw",
      "provider": "provider[\"registry.terraform.io/hashicorp/aws\"]",
      "instances": [
        {
          "schema_version": 0,
          "attributes": {
            "arn": "arn:aws:ec2:us-east-2:900715294536:internet-gateway/igw-0ab08da15e3a43afd",
            "id": "igw-0ab08da15e3a43afd",
            "owner_id": "900715294536",
            "tags": {},
            "tags_all": {},
            "vpc_id": "vpc-04c5dab518b6fc643"
          },
          "sensitive_attributes": [],
          "private": "bnVsbA==",
          "dependencies": [
            "module.aws_vpc.aws_vpc.main"
          ]
        }
      ]
    },
    {
      "module": "module.aws_vpc",
      "mode": "managed",
      "type": "aws_nat_gateway",
      "name": "gw",
      "provider": "provider[\"registry.terraform.io/hashicorp/aws\"]",
      "instances": [
        {
          "index_key": 0,
          "schema_version": 0,
          "attributes": {
            "allocation_id": "eipalloc-0754312dff9134c10",
            "connectivity_type": "public",
            "id": "nat-046381d58e5eb0a70",
            "network_interface_id": "eni-0d4fc8141b858dc61",
            "private_ip": "172.17.2.218",
            "public_ip": "18.220.152.49",
            "subnet_id": "subnet-0f21862fe327f9df4",
            "tags": {},
            "tags_all": {}
          },
          "sensitive_attributes": [],
          "private": "bnVsbA==",
          "dependencies": [
            "module.aws_vpc.aws_eip.gw",
            "module.aws_vpc.aws_internet_gateway.gw",
            "module.aws_vpc.aws_subnet.public",
            "module.aws_vpc.aws_vpc.main",
            "module.aws_vpc.data.aws_availability_zones.available"
          ]
        },
        {
          "index_key": 1,
          "schema_version": 0,
          "attributes": {
            "allocation_id": "eipalloc-0226340f7d09e3be6",
            "connectivity_type": "public",
            "id": "nat-0adad5faa99c17ed6",
            "network_interface_id": "eni-0e2f41b068eb0eae2",
            "private_ip": "172.17.3.143",
            "public_ip": "3.13.83.173",
            "subnet_id": "subnet-021cc937b2a556274",
            "tags": {},
            "tags_all": {}
          },
          "sensitive_attributes": [],
          "private": "bnVsbA==",
          "dependencies": [
            "module.aws_vpc.aws_eip.gw",
            "module.aws_vpc.aws_internet_gateway.gw",
            "module.aws_vpc.aws_subnet.public",
            "module.aws_vpc.aws_vpc.main",
            "module.aws_vpc.data.aws_availability_zones.available"
          ]
        }
      ]
    },
    {
      "module": "module.aws_vpc",
      "mode": "managed",
      "type": "aws_route",
      "name": "internet_access",
      "provider": "provider[\"registry.terraform.io/hashicorp/aws\"]",
      "instances": [
        {
          "schema_version": 0,
          "attributes": {
            "carrier_gateway_id": "",
            "destination_cidr_block": "0.0.0.0/0",
            "destination_ipv6_cidr_block": "",
            "destination_prefix_list_id": "",
            "egress_only_gateway_id": "",
            "gateway_id": "igw-0ab08da15e3a43afd",
            "id": "r-rtb-0932158d857d39c921080289494",
            "instance_id": "",
            "instance_owner_id": "",
            "local_gateway_id": "",
            "nat_gateway_id": "",
            "network_interface_id": "",
            "origin": "CreateRoute",
            "route_table_id": "rtb-0932158d857d39c92",
            "state": "active",
            "timeouts": null,
            "transit_gateway_id": "",
            "vpc_endpoint_id": "",
            "vpc_peering_connection_id": ""
          },
          "sensitive_attributes": [],
          "private": "eyJlMmJmYjczMC1lY2FhLTExZTYtOGY4OC0zNDM2M2JjN2M0YzAiOnsiY3JlYXRlIjozMDAwMDAwMDAwMDAsImRlbGV0ZSI6MzAwMDAwMDAwMDAwLCJ1cGRhdGUiOjEyMDAwMDAwMDAwMH19",
          "dependencies": [
            "module.aws_vpc.aws_internet_gateway.gw",
            "module.aws_vpc.aws_vpc.main"
          ]
        }
      ]
    },
    {
      "module": "module.aws_vpc",
      "mode": "managed",
      "type": "aws_route_table",
      "name": "private",
      "provider": "provider[\"registry.terraform.io/hashicorp/aws\"]",
      "instances": [
        {
          "index_key": 0,
          "schema_version": 0,
          "attributes": {
            "arn": "arn:aws:ec2:us-east-2:900715294536:route-table/rtb-052c4d5fe420e7f44",
            "id": "rtb-052c4d5fe420e7f44",
            "owner_id": "900715294536",
            "propagating_vgws": [],
            "route": [
              {
                "carrier_gateway_id": "",
                "cidr_block": "0.0.0.0/0",
                "destination_prefix_list_id": "",
                "egress_only_gateway_id": "",
                "gateway_id": "",
                "instance_id": "",
                "ipv6_cidr_block": "",
                "local_gateway_id": "",
                "nat_gateway_id": "nat-046381d58e5eb0a70",
                "network_interface_id": "",
                "transit_gateway_id": "",
                "vpc_endpoint_id": "",
                "vpc_peering_connection_id": ""
              }
            ],
            "tags": {},
            "tags_all": {},
            "timeouts": null,
            "vpc_id": "vpc-04c5dab518b6fc643"
          },
          "sensitive_attributes": [],
          "private": "eyJlMmJmYjczMC1lY2FhLTExZTYtOGY4OC0zNDM2M2JjN2M0YzAiOnsiY3JlYXRlIjozMDAwMDAwMDAwMDAsImRlbGV0ZSI6MzAwMDAwMDAwMDAwLCJ1cGRhdGUiOjEyMDAwMDAwMDAwMH19",
          "dependencies": [
            "module.aws_vpc.data.aws_availability_zones.available",
            "module.aws_vpc.aws_eip.gw",
            "module.aws_vpc.aws_internet_gateway.gw",
            "module.aws_vpc.aws_nat_gateway.gw",
            "module.aws_vpc.aws_subnet.public",
            "module.aws_vpc.aws_vpc.main"
          ]
        },
        {
          "index_key": 1,
          "schema_version": 0,
          "attributes": {
            "arn": "arn:aws:ec2:us-east-2:900715294536:route-table/rtb-05068539f831efc8d",
            "id": "rtb-05068539f831efc8d",
            "owner_id": "900715294536",
            "propagating_vgws": [],
            "route": [
              {
                "carrier_gateway_id": "",
                "cidr_block": "0.0.0.0/0",
                "destination_prefix_list_id": "",
                "egress_only_gateway_id": "",
                "gateway_id": "",
                "instance_id": "",
                "ipv6_cidr_block": "",
                "local_gateway_id": "",
                "nat_gateway_id": "nat-0adad5faa99c17ed6",
                "network_interface_id": "",
                "transit_gateway_id": "",
                "vpc_endpoint_id": "",
                "vpc_peering_connection_id": ""
              }
            ],
            "tags": {},
            "tags_all": {},
            "timeouts": null,
            "vpc_id": "vpc-04c5dab518b6fc643"
          },
          "sensitive_attributes": [],
          "private": "eyJlMmJmYjczMC1lY2FhLTExZTYtOGY4OC0zNDM2M2JjN2M0YzAiOnsiY3JlYXRlIjozMDAwMDAwMDAwMDAsImRlbGV0ZSI6MzAwMDAwMDAwMDAwLCJ1cGRhdGUiOjEyMDAwMDAwMDAwMH19",
          "dependencies": [
            "module.aws_vpc.aws_eip.gw",
            "module.aws_vpc.aws_internet_gateway.gw",
            "module.aws_vpc.aws_nat_gateway.gw",
            "module.aws_vpc.aws_subnet.public",
            "module.aws_vpc.aws_vpc.main",
            "module.aws_vpc.data.aws_availability_zones.available"
          ]
        }
      ]
    },
    {
      "module": "module.aws_vpc",
      "mode": "managed",
      "type": "aws_route_table_association",
      "name": "private",
      "provider": "provider[\"registry.terraform.io/hashicorp/aws\"]",
      "instances": [
        {
          "index_key": 0,
          "schema_version": 0,
          "attributes": {
            "gateway_id": "",
            "id": "rtbassoc-09954ba9150996b65",
            "route_table_id": "rtb-052c4d5fe420e7f44",
            "subnet_id": "subnet-0bd57bac22de6b958"
          },
          "sensitive_attributes": [],
          "private": "bnVsbA==",
          "dependencies": [
            "module.aws_vpc.aws_subnet.private",
            "module.aws_vpc.aws_subnet.public",
            "module.aws_vpc.aws_vpc.main",
            "module.aws_vpc.data.aws_availability_zones.available",
            "module.aws_vpc.aws_eip.gw",
            "module.aws_vpc.aws_internet_gateway.gw",
            "module.aws_vpc.aws_nat_gateway.gw",
            "module.aws_vpc.aws_route_table.private"
          ]
        },
        {
          "index_key": 1,
          "schema_version": 0,
          "attributes": {
            "gateway_id": "",
            "id": "rtbassoc-03dbfca387d12a9ba",
            "route_table_id": "rtb-05068539f831efc8d",
            "subnet_id": "subnet-02087cfaf68257925"
          },
          "sensitive_attributes": [],
          "private": "bnVsbA==",
          "dependencies": [
            "module.aws_vpc.aws_route_table.private",
            "module.aws_vpc.aws_subnet.private",
            "module.aws_vpc.aws_subnet.public",
            "module.aws_vpc.aws_vpc.main",
            "module.aws_vpc.data.aws_availability_zones.available",
            "module.aws_vpc.aws_eip.gw",
            "module.aws_vpc.aws_internet_gateway.gw",
            "module.aws_vpc.aws_nat_gateway.gw"
          ]
        }
      ]
    },
    {
      "module": "module.aws_vpc",
      "mode": "managed",
      "type": "aws_subnet",
      "name": "private",
      "provider": "provider[\"registry.terraform.io/hashicorp/aws\"]",
      "instances": [
        {
          "index_key": 0,
          "schema_version": 1,
          "attributes": {
            "arn": "arn:aws:ec2:us-east-2:900715294536:subnet/subnet-0bd57bac22de6b958",
            "assign_ipv6_address_on_creation": false,
            "availability_zone": "us-east-2a",
            "availability_zone_id": "use2-az1",
            "cidr_block": "172.17.0.0/24",
            "customer_owned_ipv4_pool": "",
            "enable_dns64": false,
            "enable_resource_name_dns_a_record_on_launch": false,
            "enable_resource_name_dns_aaaa_record_on_launch": false,
            "id": "subnet-0bd57bac22de6b958",
            "ipv6_cidr_block": "",
            "ipv6_cidr_block_association_id": "",
            "ipv6_native": false,
            "map_customer_owned_ip_on_launch": false,
            "map_public_ip_on_launch": false,
            "outpost_arn": "",
            "owner_id": "900715294536",
            "private_dns_hostname_type_on_launch": "ip-name",
            "tags": {},
            "tags_all": {},
            "timeouts": null,
            "vpc_id": "vpc-04c5dab518b6fc643"
          },
          "sensitive_attributes": [],
          "private": "eyJlMmJmYjczMC1lY2FhLTExZTYtOGY4OC0zNDM2M2JjN2M0YzAiOnsiY3JlYXRlIjo2MDAwMDAwMDAwMDAsImRlbGV0ZSI6MTIwMDAwMDAwMDAwMH0sInNjaGVtYV92ZXJzaW9uIjoiMSJ9",
          "dependencies": [
            "module.aws_vpc.aws_vpc.main",
            "module.aws_vpc.data.aws_availability_zones.available"
          ]
        },
        {
          "index_key": 1,
          "schema_version": 1,
          "attributes": {
            "arn": "arn:aws:ec2:us-east-2:900715294536:subnet/subnet-02087cfaf68257925",
            "assign_ipv6_address_on_creation": false,
            "availability_zone": "us-east-2b",
            "availability_zone_id": "use2-az2",
            "cidr_block": "172.17.1.0/24",
            "customer_owned_ipv4_pool": "",
            "enable_dns64": false,
            "enable_resource_name_dns_a_record_on_launch": false,
            "enable_resource_name_dns_aaaa_record_on_launch": false,
            "id": "subnet-02087cfaf68257925",
            "ipv6_cidr_block": "",
            "ipv6_cidr_block_association_id": "",
            "ipv6_native": false,
            "map_customer_owned_ip_on_launch": false,
            "map_public_ip_on_launch": false,
            "outpost_arn": "",
            "owner_id": "900715294536",
            "private_dns_hostname_type_on_launch": "ip-name",
            "tags": {},
            "tags_all": {},
            "timeouts": null,
            "vpc_id": "vpc-04c5dab518b6fc643"
          },
          "sensitive_attributes": [],
          "private": "eyJlMmJmYjczMC1lY2FhLTExZTYtOGY4OC0zNDM2M2JjN2M0YzAiOnsiY3JlYXRlIjo2MDAwMDAwMDAwMDAsImRlbGV0ZSI6MTIwMDAwMDAwMDAwMH0sInNjaGVtYV92ZXJzaW9uIjoiMSJ9",
          "dependencies": [
            "module.aws_vpc.aws_vpc.main",
            "module.aws_vpc.data.aws_availability_zones.available"
          ]
        }
      ]
    },
    {
      "module": "module.aws_vpc",
      "mode": "managed",
      "type": "aws_subnet",
      "name": "public",
      "provider": "provider[\"registry.terraform.io/hashicorp/aws\"]",
      "instances": [
        {
          "index_key": 0,
          "schema_version": 1,
          "attributes": {
            "arn": "arn:aws:ec2:us-east-2:900715294536:subnet/subnet-0f21862fe327f9df4",
            "assign_ipv6_address_on_creation": false,
            "availability_zone": "us-east-2a",
            "availability_zone_id": "use2-az1",
            "cidr_block": "172.17.2.0/24",
            "customer_owned_ipv4_pool": "",
            "enable_dns64": false,
            "enable_resource_name_dns_a_record_on_launch": false,
            "enable_resource_name_dns_aaaa_record_on_launch": false,
            "id": "subnet-0f21862fe327f9df4",
            "ipv6_cidr_block": "",
            "ipv6_cidr_block_association_id": "",
            "ipv6_native": false,
            "map_customer_owned_ip_on_launch": false,
            "map_public_ip_on_launch": true,
            "outpost_arn": "",
            "owner_id": "900715294536",
            "private_dns_hostname_type_on_launch": "ip-name",
            "tags": {},
            "tags_all": {},
            "timeouts": null,
            "vpc_id": "vpc-04c5dab518b6fc643"
          },
          "sensitive_attributes": [],
          "private": "eyJlMmJmYjczMC1lY2FhLTExZTYtOGY4OC0zNDM2M2JjN2M0YzAiOnsiY3JlYXRlIjo2MDAwMDAwMDAwMDAsImRlbGV0ZSI6MTIwMDAwMDAwMDAwMH0sInNjaGVtYV92ZXJzaW9uIjoiMSJ9",
          "dependencies": [
            "module.aws_vpc.aws_vpc.main",
            "module.aws_vpc.data.aws_availability_zones.available"
          ]
        },
        {
          "index_key": 1,
          "schema_version": 1,
          "attributes": {
            "arn": "arn:aws:ec2:us-east-2:900715294536:subnet/subnet-021cc937b2a556274",
            "assign_ipv6_address_on_creation": false,
            "availability_zone": "us-east-2b",
            "availability_zone_id": "use2-az2",
            "cidr_block": "172.17.3.0/24",
            "customer_owned_ipv4_pool": "",
            "enable_dns64": false,
            "enable_resource_name_dns_a_record_on_launch": false,
            "enable_resource_name_dns_aaaa_record_on_launch": false,
            "id": "subnet-021cc937b2a556274",
            "ipv6_cidr_block": "",
            "ipv6_cidr_block_association_id": "",
            "ipv6_native": false,
            "map_customer_owned_ip_on_launch": false,
            "map_public_ip_on_launch": true,
            "outpost_arn": "",
            "owner_id": "900715294536",
            "private_dns_hostname_type_on_launch": "ip-name",
            "tags": {},
            "tags_all": {},
            "timeouts": null,
            "vpc_id": "vpc-04c5dab518b6fc643"
          },
          "sensitive_attributes": [],
          "private": "eyJlMmJmYjczMC1lY2FhLTExZTYtOGY4OC0zNDM2M2JjN2M0YzAiOnsiY3JlYXRlIjo2MDAwMDAwMDAwMDAsImRlbGV0ZSI6MTIwMDAwMDAwMDAwMH0sInNjaGVtYV92ZXJzaW9uIjoiMSJ9",
          "dependencies": [
            "module.aws_vpc.aws_vpc.main",
            "module.aws_vpc.data.aws_availability_zones.available"
          ]
        }
      ]
    },
    {
      "module": "module.aws_vpc",
      "mode": "managed",
      "type": "aws_vpc",
      "name": "main",
      "provider": "provider[\"registry.terraform.io/hashicorp/aws\"]",
      "instances": [
        {
          "schema_version": 1,
          "attributes": {
            "arn": "arn:aws:ec2:us-east-2:900715294536:vpc/vpc-04c5dab518b6fc643",
            "assign_generated_ipv6_cidr_block": false,
            "cidr_block": "172.17.0.0/16",
            "default_network_acl_id": "acl-0b1acb434b6a646b2",
            "default_route_table_id": "rtb-0932158d857d39c92",
            "default_security_group_id": "sg-04e3f75bbdb5e44d9",
            "dhcp_options_id": "dopt-0da0c3f2a3305702a",
            "enable_classiclink": false,
            "enable_classiclink_dns_support": false,
            "enable_dns_hostnames": false,
            "enable_dns_support": true,
            "id": "vpc-04c5dab518b6fc643",
            "instance_tenancy": "default",
            "ipv4_ipam_pool_id": null,
            "ipv4_netmask_length": null,
            "ipv6_association_id": "",
            "ipv6_cidr_block": "",
            "ipv6_cidr_block_network_border_group": "",
            "ipv6_ipam_pool_id": "",
            "ipv6_netmask_length": 0,
            "main_route_table_id": "rtb-0932158d857d39c92",
            "owner_id": "900715294536",
            "tags": {},
            "tags_all": {}
          },
          "sensitive_attributes": [],
          "private": "eyJzY2hlbWFfdmVyc2lvbiI6IjEifQ=="
        }
      ]
    },
    {
      "module": "module.ecr_docker_build",
      "mode": "data",
      "type": "external",
      "name": "build_folder",
      "provider": "provider[\"registry.terraform.io/hashicorp/external\"]",
      "instances": [
        {
          "schema_version": 0,
          "attributes": {
            "id": "-",
            "program": [
              ".terraform/modules/ecr_docker_build/bin/folder_contents.sh",
              "/Users/rohanmalik/Documents/FreeLance/nijomee/healing2peace"
            ],
            "query": null,
            "result": {
              "md5": "c08aeedb6ae11b02df33161301c7f72b"
            },
            "working_dir": null
          },
          "sensitive_attributes": []
        }
      ]
    },
    {
      "module": "module.ecr_docker_build",
      "mode": "managed",
      "type": "null_resource",
      "name": "build_and_push",
      "provider": "provider[\"registry.terraform.io/hashicorp/null\"]",
      "instances": [
        {
          "schema_version": 0,
          "attributes": {
            "id": "8425406416194900656",
            "triggers": {
              "build_folder_content_md5": "c08aeedb6ae11b02df33161301c7f72b"
            }
          },
          "sensitive_attributes": [],
          "private": "bnVsbA==",
          "dependencies": [
            "module.aws_ecr_repo.aws_ecr_repository.ecr_repository",
            "module.ecr_docker_build.data.external.build_folder"
          ]
        }
      ]
    }
  ]
}
